{
  "name": "Window Saver",
  "lockfileVersion": 3,
  "requires": true,
  "packages": {
    "": {
      "dependencies": {
        "chrome-types": "^0.1.339"
      }
    },
    "node_modules/chrome-types": {
      "version": "0.1.339",
      "resolved": "https://registry.npmjs.org/chrome-types/-/chrome-types-0.1.339.tgz",
      "integrity": "sha512-I8wSK5Sa/bt+EGggyCWQfD6rdaLo2VJV2ZFCI84ynvA+c/J8hLBin8dnDPd2ttHRXJ0ranVyomjf08ZJ/NPKNg==",
      "license": "Apache-2.0"
    }
  }
}
